
Microsoft Visual Studio Solution File, Format Version 12.00
# Visual Studio Version 16
VisualStudioVersion = 16.0.29509.3
MinimumVisualStudioVersion = 10.0.40219.1
Project("{FAE04EC0-301F-11D3-BF4B-00C04F79EFBC}") = "IntelligenceLab", "IntelligenceLab\IntelligenceLab.csproj", "{26BB4027-BF3C-4602-B794-AE6B4C2954E1}"
EndProject
Project("{FAE04EC0-301F-11D3-BF4B-00C04F79EFBC}") = "DataGenerator", "DataSetGenerator\DataGenerator.csproj", "{A35D7746-BFC6-4F46-B42A-CEDBCB209F03}"
EndProject
Project("{FAE04EC0-301F-11D3-BF4B-00C04F79EFBC}") = "MultilevelPerceptron", "MultilevelPerceptron\MultilevelPerceptron.csproj", "{9C3D502C-EDC1-4957-AF02-03333496FD5E}"
EndProject
Global
	GlobalSection(SolutionConfigurationPlatforms) = preSolution
		Debug|Any CPU = Debug|Any CPU
		Release|Any CPU = Release|Any CPU
	EndGlobalSection
	GlobalSection(ProjectConfigurationPlatforms) = postSolution
		{26BB4027-BF3C-4602-B794-AE6B4C2954E1}.Debug|Any CPU.ActiveCfg = Debug|Any CPU
		{26BB4027-BF3C-4602-B794-AE6B4C2954E1}.Debug|Any CPU.Build.0 = Debug|Any CPU
		{26BB4027-BF3C-4602-B794-AE6B4C2954E1}.Release|Any CPU.ActiveCfg = Release|Any CPU
		{26BB4027-BF3C-4602-B794-AE6B4C2954E1}.Release|Any CPU.Build.0 = Release|Any CPU
		{A35D7746-BFC6-4F46-B42A-CEDBCB209F03}.Debug|Any CPU.ActiveCfg = Debug|Any CPU
		{A35D7746-BFC6-4F46-B42A-CEDBCB209F03}.Debug|Any CPU.Build.0 = Debug|Any CPU
		{A35D7746-BFC6-4F46-B42A-CEDBCB209F03}.Release|Any CPU.ActiveCfg = Release|Any CPU
		{A35D7746-BFC6-4F46-B42A-CEDBCB209F03}.Release|Any CPU.Build.0 = Release|Any CPU
		{9C3D502C-EDC1-4957-AF02-03333496FD5E}.Debug|Any CPU.ActiveCfg = Debug|Any CPU
		{9C3D502C-EDC1-4957-AF02-03333496FD5E}.Debug|Any CPU.Build.0 = Debug|Any CPU
		{9C3D502C-EDC1-4957-AF02-03333496FD5E}.Release|Any CPU.ActiveCfg = Release|Any CPU
		{9C3D502C-EDC1-4957-AF02-03333496FD5E}.Release|Any CPU.Build.0 = Release|Any CPU
	EndGlobalSection
	GlobalSection(SolutionProperties) = preSolution
		HideSolutionNode = FALSE
	EndGlobalSection
	GlobalSection(ExtensibilityGlobals) = postSolution
		SolutionGuid = {6DD9A299-AEB7-45B4-A00C-45A6A2F66BEA}
	EndGlobalSection
EndGlobal
